
Microsoft Visual Studio Solution File, Format Version 12.00
# Visual Studio Version 17
VisualStudioVersion = 17.5.33424.131
MinimumVisualStudioVersion = 10.0.40219.1
Project("{8BC9CEB8-8B4A-11D0-8D11-00A0C91BC942}") = "MusicPlayer", "MusicPlayer\MusicPlayer.vcxproj", "{1C9D4DC0-508A-4ACA-BD4F-6447CF34A006}"
EndProject
Global
	GlobalSection(SolutionConfigurationPlatforms) = preSolution
		Debug|x64 = Debug|x64
		Release|x64 = Release|x64
	EndGlobalSection
	GlobalSection(ProjectConfigurationPlatforms) = postSolution
		{1C9D4DC0-508A-4ACA-BD4F-6447CF34A006}.Debug|x64.ActiveCfg = Debug|x64
		{1C9D4DC0-508A-4ACA-BD4F-6447CF34A006}.Debug|x64.Build.0 = Debug|x64
		{1C9D4DC0-508A-4ACA-BD4F-6447CF34A006}.Release|x64.ActiveCfg = Release|x64
		{1C9D4DC0-508A-4ACA-BD4F-6447CF34A006}.Release|x64.Build.0 = Release|x64
	EndGlobalSection
	GlobalSection(SolutionProperties) = preSolution
		HideSolutionNode = FALSE
	EndGlobalSection
	GlobalSection(ExtensibilityGlobals) = postSolution
		SolutionGuid = {4F9EB450-A6EC-4664-BF03-27B9C45EDBC1}
	EndGlobalSection
EndGlobal
